
Microsoft Visual Studio Solution File, Format Version 12.00
# Visual Studio Version 16
VisualStudioVersion = 16.0.31624.102
MinimumVisualStudioVersion = 10.0.40219.1
Project("{FAE04EC0-301F-11D3-BF4B-00C04F79EFBC}") = "Kap 1. Game", "Kap 1. Game\Kap 1. Game.csproj", "{DF6448E7-6A30-4B4E-95F1-BE568F9C24B4}"
EndProject
Global
	GlobalSection(SolutionConfigurationPlatforms) = preSolution
		Debug|Any CPU = Debug|Any CPU
		Release|Any CPU = Release|Any CPU
	EndGlobalSection
	GlobalSection(ProjectConfigurationPlatforms) = postSolution
		{DF6448E7-6A30-4B4E-95F1-BE568F9C24B4}.Debug|Any CPU.ActiveCfg = Debug|Any CPU
		{DF6448E7-6A30-4B4E-95F1-BE568F9C24B4}.Debug|Any CPU.Build.0 = Debug|Any CPU
		{DF6448E7-6A30-4B4E-95F1-BE568F9C24B4}.Release|Any CPU.ActiveCfg = Release|Any CPU
		{DF6448E7-6A30-4B4E-95F1-BE568F9C24B4}.Release|Any CPU.Build.0 = Release|Any CPU
	EndGlobalSection
	GlobalSection(SolutionProperties) = preSolution
		HideSolutionNode = FALSE
	EndGlobalSection
	GlobalSection(ExtensibilityGlobals) = postSolution
		SolutionGuid = {0B6FD89A-F7F7-4A33-AC81-0614CBC716EA}
	EndGlobalSection
EndGlobal
